
Microsoft Visual Studio Solution File, Format Version 12.00
# Visual Studio Version 16
VisualStudioVersion = 16.0.30523.141
MinimumVisualStudioVersion = 10.0.40219.1
Project("{FAE04EC0-301F-11D3-BF4B-00C04F79EFBC}") = "XUnitTest", "XUnitTest\XUnitTest.csproj", "{69DB0D91-05F9-4413-8B64-C6DCF6289B9F}"
EndProject
Global
	GlobalSection(SolutionConfigurationPlatforms) = preSolution
		Debug|Any CPU = Debug|Any CPU
		Release|Any CPU = Release|Any CPU
	EndGlobalSection
	GlobalSection(ProjectConfigurationPlatforms) = postSolution
		{69DB0D91-05F9-4413-8B64-C6DCF6289B9F}.Debug|Any CPU.ActiveCfg = Debug|Any CPU
		{69DB0D91-05F9-4413-8B64-C6DCF6289B9F}.Debug|Any CPU.Build.0 = Debug|Any CPU
		{69DB0D91-05F9-4413-8B64-C6DCF6289B9F}.Release|Any CPU.ActiveCfg = Release|Any CPU
		{69DB0D91-05F9-4413-8B64-C6DCF6289B9F}.Release|Any CPU.Build.0 = Release|Any CPU
	EndGlobalSection
	GlobalSection(SolutionProperties) = preSolution
		HideSolutionNode = FALSE
	EndGlobalSection
	GlobalSection(ExtensibilityGlobals) = postSolution
		SolutionGuid = {7EC80D14-5A46-4011-A579-B6D8C4D782C0}
	EndGlobalSection
EndGlobal
